<?xml version="1.0" encoding="utf-8"?>
<Project ToolsVersion="4.0" xmlns="http://schemas.microsoft.com/developer/msbuild/2003">
  <ItemGroup>
    <Filter Include="File">
      <UniqueIdentifier>{a5e0d7e1-123a-4a93-b3c4-6eb65e4a16a9}</UniqueIdentifier>
    </Filter>
  </ItemGroup>
  <ItemGroup>
    <ClCompile Include="..\CSE_Core\datetime\JulianCalculator.cpp">
      <Filter>File</Filter>
    </ClCompile>
  </ItemGroup>
</Project>