
Microsoft Visual Studio Solution File, Format Version 12.00
# Visual Studio Version 17
VisualStudioVersion = 17.1.32228.430
MinimumVisualStudioVersion = 10.0.40219.1
Project("{2150E333-8FDC-42A3-9474-1A3956D46DE8}") = "Modules", "Modules", "{8D452974-A6A7-45D7-ABB8-A3DAA3CB4BD3}"
EndProject
Project("{2150E333-8FDC-42A3-9474-1A3956D46DE8}") = "Targets", "Targets", "{65F0F859-0BA9-419D-801F-B69FD68E37CA}"
EndProject
Project("{8BC9CEB8-8B4A-11D0-8D11-00A0C91BC942}") = "CSE_Core", "Modules\Core\Core.vcxproj", "{060323F5-A950-4055-8A2C-2A344E53FCAD}"
EndProject
Project("{2150E333-8FDC-42A3-9474-1A3956D46DE8}") = "Tests", "Tests", "{95BCCAB0-6AC9-4F40-A14D-722E547A72CF}"
EndProject
Project("{8BC9CEB8-8B4A-11D0-8D11-00A0C91BC942}") = "CSE_Tests_GLTypes", "Modules\Core\Tests\Tests_GLTypes\Tests_GLTypes.vcxproj", "{7A55231F-3466-44EE-8A48-58658DDEFECB}"
	ProjectSection(ProjectDependencies) = postProject
		{060323F5-A950-4055-8A2C-2A344E53FCAD} = {060323F5-A950-4055-8A2C-2A344E53FCAD}
	EndProjectSection
EndProject
Project("{8BC9CEB8-8B4A-11D0-8D11-00A0C91BC942}") = "CSE_Tests_MathFuncs", "Modules\Core\Tests\Tests_CVMathFuncs\Tests_CVMathFuncs.vcxproj", "{64484735-E2C4-416A-83D9-855C1A8E0148}"
	ProjectSection(ProjectDependencies) = postProject
		{060323F5-A950-4055-8A2C-2A344E53FCAD} = {060323F5-A950-4055-8A2C-2A344E53FCAD}
	EndProjectSection
EndProject
Project("{8BC9CEB8-8B4A-11D0-8D11-00A0C91BC942}") = "ALL_BUILD", "BuildTargets\ALL_BUILD\ALL_BUILD.vcxproj", "{37EB3880-E6EF-49AA-A9E4-9A8E72818950}"
	ProjectSection(ProjectDependencies) = postProject
		{060323F5-A950-4055-8A2C-2A344E53FCAD} = {060323F5-A950-4055-8A2C-2A344E53FCAD}
		{64484735-E2C4-416A-83D9-855C1A8E0148} = {64484735-E2C4-416A-83D9-855C1A8E0148}
		{7A55231F-3466-44EE-8A48-58658DDEFECB} = {7A55231F-3466-44EE-8A48-58658DDEFECB}
	EndProjectSection
EndProject
Project("{8BC9CEB8-8B4A-11D0-8D11-00A0C91BC942}") = "CSE_Tests_DateTime", "Modules\Core\Tests\Tests_DateTime\Tests_DateTime.vcxproj", "{56BDDA18-2887-44DF-8B6A-5E093956FCFD}"
	ProjectSection(ProjectDependencies) = postProject
		{060323F5-A950-4055-8A2C-2A344E53FCAD} = {060323F5-A950-4055-8A2C-2A344E53FCAD}
	EndProjectSection
EndProject
Project("{2150E333-8FDC-42A3-9474-1A3956D46DE8}") = "Applications", "Applications", "{EF6F9100-C578-4548-81B6-EA83DCBB1174}"
EndProject
Project("{8BC9CEB8-8B4A-11D0-8D11-00A0C91BC942}") = "JulianConvert", "Applications\JulianConvert\JulianConvert.vcxproj", "{83FCBDE6-1EDD-4504-83DF-38E965D60637}"
	ProjectSection(ProjectDependencies) = postProject
		{060323F5-A950-4055-8A2C-2A344E53FCAD} = {060323F5-A950-4055-8A2C-2A344E53FCAD}
	EndProjectSection
EndProject
Project("{8BC9CEB8-8B4A-11D0-8D11-00A0C91BC942}") = "CSE_SCStream", "Modules\SCStream\SCStream.vcxproj", "{AD2B6356-4FBC-44A6-B1ED-0C27C809421B}"
	ProjectSection(ProjectDependencies) = postProject
		{060323F5-A950-4055-8A2C-2A344E53FCAD} = {060323F5-A950-4055-8A2C-2A344E53FCAD}
	EndProjectSection
EndProject
Project("{8BC9CEB8-8B4A-11D0-8D11-00A0C91BC942}") = "CSE_Object", "Modules\Object\Object.vcxproj", "{5EC25CFF-05A5-4061-95FA-EC7E20506919}"
	ProjectSection(ProjectDependencies) = postProject
		{060323F5-A950-4055-8A2C-2A344E53FCAD} = {060323F5-A950-4055-8A2C-2A344E53FCAD}
		{AD2B6356-4FBC-44A6-B1ED-0C27C809421B} = {AD2B6356-4FBC-44A6-B1ED-0C27C809421B}
	EndProjectSection
EndProject
Project("{8BC9CEB8-8B4A-11D0-8D11-00A0C91BC942}") = "CSE_Lumine", "Modules\Lumine\Lumine.vcxproj", "{3A75DA5B-BCD9-4C7C-BF1B-D4838836C9EE}"
	ProjectSection(ProjectDependencies) = postProject
		{060323F5-A950-4055-8A2C-2A344E53FCAD} = {060323F5-A950-4055-8A2C-2A344E53FCAD}
		{5EC25CFF-05A5-4061-95FA-EC7E20506919} = {5EC25CFF-05A5-4061-95FA-EC7E20506919}
	EndProjectSection
EndProject
Project("{8BC9CEB8-8B4A-11D0-8D11-00A0C91BC942}") = "CSE_Tests_Stream", "Modules\SCStream\Tests\Tests_Stream\Tests_Stream.vcxproj", "{AA6CDD2B-3920-4974-A364-1ABB24AA18A0}"
	ProjectSection(ProjectDependencies) = postProject
		{060323F5-A950-4055-8A2C-2A344E53FCAD} = {060323F5-A950-4055-8A2C-2A344E53FCAD}
		{5EC25CFF-05A5-4061-95FA-EC7E20506919} = {5EC25CFF-05A5-4061-95FA-EC7E20506919}
		{AD2B6356-4FBC-44A6-B1ED-0C27C809421B} = {AD2B6356-4FBC-44A6-B1ED-0C27C809421B}
	EndProjectSection
EndProject
Project("{8BC9CEB8-8B4A-11D0-8D11-00A0C91BC942}") = "CSE_Tests_SpType", "Modules\Lumine\Tests\Tests_SpType\Tests_SpType.vcxproj", "{01A31D8D-A5A5-4DE5-87C2-1EC8F4550BC1}"
	ProjectSection(ProjectDependencies) = postProject
		{060323F5-A950-4055-8A2C-2A344E53FCAD} = {060323F5-A950-4055-8A2C-2A344E53FCAD}
		{3A75DA5B-BCD9-4C7C-BF1B-D4838836C9EE} = {3A75DA5B-BCD9-4C7C-BF1B-D4838836C9EE}
	EndProjectSection
EndProject
Project("{8BC9CEB8-8B4A-11D0-8D11-00A0C91BC942}") = "StarMagLumCalculator", "Applications\StarMagLumCalculator\StarMagLumCalculator.vcxproj", "{D753CBBB-7A95-4EA4-A992-F1DEF7DD8285}"
	ProjectSection(ProjectDependencies) = postProject
		{3A75DA5B-BCD9-4C7C-BF1B-D4838836C9EE} = {3A75DA5B-BCD9-4C7C-BF1B-D4838836C9EE}
	EndProjectSection
EndProject
Project("{8BC9CEB8-8B4A-11D0-8D11-00A0C91BC942}") = "CSE_Random", "Modules\Random\Random.vcxproj", "{F8064FDF-FA63-429E-AB85-B7007FCE9DB7}"
	ProjectSection(ProjectDependencies) = postProject
		{060323F5-A950-4055-8A2C-2A344E53FCAD} = {060323F5-A950-4055-8A2C-2A344E53FCAD}
	EndProjectSection
EndProject
Project("{8BC9CEB8-8B4A-11D0-8D11-00A0C91BC942}") = "CSE_Stars", "Modules\Stars\Stars.vcxproj", "{4C6450FB-E6FD-451E-9815-DC75CE0ED747}"
	ProjectSection(ProjectDependencies) = postProject
		{060323F5-A950-4055-8A2C-2A344E53FCAD} = {060323F5-A950-4055-8A2C-2A344E53FCAD}
		{3A75DA5B-BCD9-4C7C-BF1B-D4838836C9EE} = {3A75DA5B-BCD9-4C7C-BF1B-D4838836C9EE}
		{5EC25CFF-05A5-4061-95FA-EC7E20506919} = {5EC25CFF-05A5-4061-95FA-EC7E20506919}
		{F8064FDF-FA63-429E-AB85-B7007FCE9DB7} = {F8064FDF-FA63-429E-AB85-B7007FCE9DB7}
	EndProjectSection
EndProject
Project("{8BC9CEB8-8B4A-11D0-8D11-00A0C91BC942}") = "INSTALL", "BuildTargets\INSTALL\INSTALL.vcxproj", "{7175C86C-7668-48D1-A30D-6682EB75644D}"
	ProjectSection(ProjectDependencies) = postProject
		{37EB3880-E6EF-49AA-A9E4-9A8E72818950} = {37EB3880-E6EF-49AA-A9E4-9A8E72818950}
	EndProjectSection
EndProject
Project("{8BC9CEB8-8B4A-11D0-8D11-00A0C91BC942}") = "CSE_Tests_StarModels", "Modules\Stars\Tests\Tests_StarModels\Tests_StarModels.vcxproj", "{54299F93-1DBA-40DC-B191-468A456A21C3}"
	ProjectSection(ProjectDependencies) = postProject
		{060323F5-A950-4055-8A2C-2A344E53FCAD} = {060323F5-A950-4055-8A2C-2A344E53FCAD}
		{3A75DA5B-BCD9-4C7C-BF1B-D4838836C9EE} = {3A75DA5B-BCD9-4C7C-BF1B-D4838836C9EE}
		{4C6450FB-E6FD-451E-9815-DC75CE0ED747} = {4C6450FB-E6FD-451E-9815-DC75CE0ED747}
		{5EC25CFF-05A5-4061-95FA-EC7E20506919} = {5EC25CFF-05A5-4061-95FA-EC7E20506919}
		{AD2B6356-4FBC-44A6-B1ED-0C27C809421B} = {AD2B6356-4FBC-44A6-B1ED-0C27C809421B}
		{F8064FDF-FA63-429E-AB85-B7007FCE9DB7} = {F8064FDF-FA63-429E-AB85-B7007FCE9DB7}
	EndProjectSection
EndProject
Project("{8BC9CEB8-8B4A-11D0-8D11-00A0C91BC942}") = "CSE_Planets", "Modules\Planets\Planets.vcxproj", "{E9C6C66D-E134-4B8F-8461-7C1551DF84B4}"
	ProjectSection(ProjectDependencies) = postProject
		{060323F5-A950-4055-8A2C-2A344E53FCAD} = {060323F5-A950-4055-8A2C-2A344E53FCAD}
		{5EC25CFF-05A5-4061-95FA-EC7E20506919} = {5EC25CFF-05A5-4061-95FA-EC7E20506919}
		{F8064FDF-FA63-429E-AB85-B7007FCE9DB7} = {F8064FDF-FA63-429E-AB85-B7007FCE9DB7}
	EndProjectSection
EndProject
Project("{8BC9CEB8-8B4A-11D0-8D11-00A0C91BC942}") = "CSE_Tests_PlanetModels", "Modules\Planets\Tests\Tests_PlanetModels\Tests_PlanetModels.vcxproj", "{EA64CC3A-EA42-40E3-BC88-FBFA012EBCF3}"
	ProjectSection(ProjectDependencies) = postProject
		{E9C6C66D-E134-4B8F-8461-7C1551DF84B4} = {E9C6C66D-E134-4B8F-8461-7C1551DF84B4}
	EndProjectSection
EndProject
Project("{8BC9CEB8-8B4A-11D0-8D11-00A0C91BC942}") = "TLEDecoder", "Applications\TLEDecoder\TLEDecoder.vcxproj", "{1915FDEE-D946-47C7-8703-64B085DC8604}"
	ProjectSection(ProjectDependencies) = postProject
		{E9C6C66D-E134-4B8F-8461-7C1551DF84B4} = {E9C6C66D-E134-4B8F-8461-7C1551DF84B4}
	EndProjectSection
EndProject
Project("{8BC9CEB8-8B4A-11D0-8D11-00A0C91BC942}") = "AsterBeltCreator", "Applications\AsterBeltCreator\AsterBeltCreator.vcxproj", "{511A8F50-1E97-4031-87A1-4D85B350FEF5}"
	ProjectSection(ProjectDependencies) = postProject
		{AA317C84-D4B6-417C-82BD-792ECC3B9782} = {AA317C84-D4B6-417C-82BD-792ECC3B9782}
		{E9C6C66D-E134-4B8F-8461-7C1551DF84B4} = {E9C6C66D-E134-4B8F-8461-7C1551DF84B4}
	EndProjectSection
EndProject
Project("{2150E333-8FDC-42A3-9474-1A3956D46DE8}") = "Extensions", "Extensions", "{E33B10FC-7D1B-4F2A-91AC-3E6946792B71}"
EndProject
Project("{8BC9CEB8-8B4A-11D0-8D11-00A0C91BC942}") = "StellarColor", "Modules\StellarColor\StellarColor.vcxproj", "{AA317C84-D4B6-417C-82BD-792ECC3B9782}"
	ProjectSection(ProjectDependencies) = postProject
		{060323F5-A950-4055-8A2C-2A344E53FCAD} = {060323F5-A950-4055-8A2C-2A344E53FCAD}
	EndProjectSection
EndProject
Project("{8BC9CEB8-8B4A-11D0-8D11-00A0C91BC942}") = "PlanetSystem", "Extensions\PlanetSystem\PlanetSystem.vcxproj", "{A6F159A8-3259-4151-B324-DAE07121C918}"
EndProject
Global
	GlobalSection(SolutionConfigurationPlatforms) = preSolution
		Debug|x64 = Debug|x64
		Debug|x86 = Debug|x86
		Release|x64 = Release|x64
		Release|x86 = Release|x86
	EndGlobalSection
	GlobalSection(ProjectConfigurationPlatforms) = postSolution
		{060323F5-A950-4055-8A2C-2A344E53FCAD}.Debug|x64.ActiveCfg = Debug|x64
		{060323F5-A950-4055-8A2C-2A344E53FCAD}.Debug|x64.Build.0 = Debug|x64
		{060323F5-A950-4055-8A2C-2A344E53FCAD}.Debug|x86.ActiveCfg = Debug|Win32
		{060323F5-A950-4055-8A2C-2A344E53FCAD}.Debug|x86.Build.0 = Debug|Win32
		{060323F5-A950-4055-8A2C-2A344E53FCAD}.Release|x64.ActiveCfg = Release|x64
		{060323F5-A950-4055-8A2C-2A344E53FCAD}.Release|x64.Build.0 = Release|x64
		{060323F5-A950-4055-8A2C-2A344E53FCAD}.Release|x86.ActiveCfg = Release|Win32
		{060323F5-A950-4055-8A2C-2A344E53FCAD}.Release|x86.Build.0 = Release|Win32
		{7A55231F-3466-44EE-8A48-58658DDEFECB}.Debug|x64.ActiveCfg = Debug|x64
		{7A55231F-3466-44EE-8A48-58658DDEFECB}.Debug|x64.Build.0 = Debug|x64
		{7A55231F-3466-44EE-8A48-58658DDEFECB}.Debug|x86.ActiveCfg = Debug|Win32
		{7A55231F-3466-44EE-8A48-58658DDEFECB}.Debug|x86.Build.0 = Debug|Win32
		{7A55231F-3466-44EE-8A48-58658DDEFECB}.Release|x64.ActiveCfg = Release|x64
		{7A55231F-3466-44EE-8A48-58658DDEFECB}.Release|x64.Build.0 = Release|x64
		{7A55231F-3466-44EE-8A48-58658DDEFECB}.Release|x86.ActiveCfg = Release|Win32
		{7A55231F-3466-44EE-8A48-58658DDEFECB}.Release|x86.Build.0 = Release|Win32
		{64484735-E2C4-416A-83D9-855C1A8E0148}.Debug|x64.ActiveCfg = Debug|x64
		{64484735-E2C4-416A-83D9-855C1A8E0148}.Debug|x64.Build.0 = Debug|x64
		{64484735-E2C4-416A-83D9-855C1A8E0148}.Debug|x86.ActiveCfg = Debug|Win32
		{64484735-E2C4-416A-83D9-855C1A8E0148}.Debug|x86.Build.0 = Debug|Win32
		{64484735-E2C4-416A-83D9-855C1A8E0148}.Release|x64.ActiveCfg = Release|x64
		{64484735-E2C4-416A-83D9-855C1A8E0148}.Release|x64.Build.0 = Release|x64
		{64484735-E2C4-416A-83D9-855C1A8E0148}.Release|x86.ActiveCfg = Release|Win32
		{64484735-E2C4-416A-83D9-855C1A8E0148}.Release|x86.Build.0 = Release|Win32
		{37EB3880-E6EF-49AA-A9E4-9A8E72818950}.Debug|x64.ActiveCfg = Debug|x64
		{37EB3880-E6EF-49AA-A9E4-9A8E72818950}.Debug|x64.Build.0 = Debug|x64
		{37EB3880-E6EF-49AA-A9E4-9A8E72818950}.Debug|x86.ActiveCfg = Debug|Win32
		{37EB3880-E6EF-49AA-A9E4-9A8E72818950}.Debug|x86.Build.0 = Debug|Win32
		{37EB3880-E6EF-49AA-A9E4-9A8E72818950}.Release|x64.ActiveCfg = Release|x64
		{37EB3880-E6EF-49AA-A9E4-9A8E72818950}.Release|x64.Build.0 = Release|x64
		{37EB3880-E6EF-49AA-A9E4-9A8E72818950}.Release|x86.ActiveCfg = Release|Win32
		{37EB3880-E6EF-49AA-A9E4-9A8E72818950}.Release|x86.Build.0 = Release|Win32
		{56BDDA18-2887-44DF-8B6A-5E093956FCFD}.Debug|x64.ActiveCfg = Debug|x64
		{56BDDA18-2887-44DF-8B6A-5E093956FCFD}.Debug|x64.Build.0 = Debug|x64
		{56BDDA18-2887-44DF-8B6A-5E093956FCFD}.Debug|x86.ActiveCfg = Debug|Win32
		{56BDDA18-2887-44DF-8B6A-5E093956FCFD}.Debug|x86.Build.0 = Debug|Win32
		{56BDDA18-2887-44DF-8B6A-5E093956FCFD}.Release|x64.ActiveCfg = Release|x64
		{56BDDA18-2887-44DF-8B6A-5E093956FCFD}.Release|x64.Build.0 = Release|x64
		{56BDDA18-2887-44DF-8B6A-5E093956FCFD}.Release|x86.ActiveCfg = Release|Win32
		{56BDDA18-2887-44DF-8B6A-5E093956FCFD}.Release|x86.Build.0 = Release|Win32
		{83FCBDE6-1EDD-4504-83DF-38E965D60637}.Debug|x64.ActiveCfg = Debug|x64
		{83FCBDE6-1EDD-4504-83DF-38E965D60637}.Debug|x64.Build.0 = Debug|x64
		{83FCBDE6-1EDD-4504-83DF-38E965D60637}.Debug|x86.ActiveCfg = Debug|Win32
		{83FCBDE6-1EDD-4504-83DF-38E965D60637}.Debug|x86.Build.0 = Debug|Win32
		{83FCBDE6-1EDD-4504-83DF-38E965D60637}.Release|x64.ActiveCfg = Release|x64
		{83FCBDE6-1EDD-4504-83DF-38E965D60637}.Release|x64.Build.0 = Release|x64
		{83FCBDE6-1EDD-4504-83DF-38E965D60637}.Release|x86.ActiveCfg = Release|Win32
		{83FCBDE6-1EDD-4504-83DF-38E965D60637}.Release|x86.Build.0 = Release|Win32
		{AD2B6356-4FBC-44A6-B1ED-0C27C809421B}.Debug|x64.ActiveCfg = Debug|x64
		{AD2B6356-4FBC-44A6-B1ED-0C27C809421B}.Debug|x64.Build.0 = Debug|x64
		{AD2B6356-4FBC-44A6-B1ED-0C27C809421B}.Debug|x86.ActiveCfg = Debug|Win32
		{AD2B6356-4FBC-44A6-B1ED-0C27C809421B}.Debug|x86.Build.0 = Debug|Win32
		{AD2B6356-4FBC-44A6-B1ED-0C27C809421B}.Release|x64.ActiveCfg = Release|x64
		{AD2B6356-4FBC-44A6-B1ED-0C27C809421B}.Release|x64.Build.0 = Release|x64
		{AD2B6356-4FBC-44A6-B1ED-0C27C809421B}.Release|x86.ActiveCfg = Release|Win32
		{AD2B6356-4FBC-44A6-B1ED-0C27C809421B}.Release|x86.Build.0 = Release|Win32
		{5EC25CFF-05A5-4061-95FA-EC7E20506919}.Debug|x64.ActiveCfg = Debug|x64
		{5EC25CFF-05A5-4061-95FA-EC7E20506919}.Debug|x64.Build.0 = Debug|x64
		{5EC25CFF-05A5-4061-95FA-EC7E20506919}.Debug|x86.ActiveCfg = Debug|Win32
		{5EC25CFF-05A5-4061-95FA-EC7E20506919}.Debug|x86.Build.0 = Debug|Win32
		{5EC25CFF-05A5-4061-95FA-EC7E20506919}.Release|x64.ActiveCfg = Release|x64
		{5EC25CFF-05A5-4061-95FA-EC7E20506919}.Release|x64.Build.0 = Release|x64
		{5EC25CFF-05A5-4061-95FA-EC7E20506919}.Release|x86.ActiveCfg = Release|Win32
		{5EC25CFF-05A5-4061-95FA-EC7E20506919}.Release|x86.Build.0 = Release|Win32
		{3A75DA5B-BCD9-4C7C-BF1B-D4838836C9EE}.Debug|x64.ActiveCfg = Debug|x64
		{3A75DA5B-BCD9-4C7C-BF1B-D4838836C9EE}.Debug|x64.Build.0 = Debug|x64
		{3A75DA5B-BCD9-4C7C-BF1B-D4838836C9EE}.Debug|x86.ActiveCfg = Debug|Win32
		{3A75DA5B-BCD9-4C7C-BF1B-D4838836C9EE}.Debug|x86.Build.0 = Debug|Win32
		{3A75DA5B-BCD9-4C7C-BF1B-D4838836C9EE}.Release|x64.ActiveCfg = Release|x64
		{3A75DA5B-BCD9-4C7C-BF1B-D4838836C9EE}.Release|x64.Build.0 = Release|x64
		{3A75DA5B-BCD9-4C7C-BF1B-D4838836C9EE}.Release|x86.ActiveCfg = Release|Win32
		{3A75DA5B-BCD9-4C7C-BF1B-D4838836C9EE}.Release|x86.Build.0 = Release|Win32
		{AA6CDD2B-3920-4974-A364-1ABB24AA18A0}.Debug|x64.ActiveCfg = Debug|x64
		{AA6CDD2B-3920-4974-A364-1ABB24AA18A0}.Debug|x64.Build.0 = Debug|x64
		{AA6CDD2B-3920-4974-A364-1ABB24AA18A0}.Debug|x86.ActiveCfg = Debug|Win32
		{AA6CDD2B-3920-4974-A364-1ABB24AA18A0}.Debug|x86.Build.0 = Debug|Win32
		{AA6CDD2B-3920-4974-A364-1ABB24AA18A0}.Release|x64.ActiveCfg = Release|x64
		{AA6CDD2B-3920-4974-A364-1ABB24AA18A0}.Release|x64.Build.0 = Release|x64
		{AA6CDD2B-3920-4974-A364-1ABB24AA18A0}.Release|x86.ActiveCfg = Release|Win32
		{AA6CDD2B-3920-4974-A364-1ABB24AA18A0}.Release|x86.Build.0 = Release|Win32
		{01A31D8D-A5A5-4DE5-87C2-1EC8F4550BC1}.Debug|x64.ActiveCfg = Debug|x64
		{01A31D8D-A5A5-4DE5-87C2-1EC8F4550BC1}.Debug|x64.Build.0 = Debug|x64
		{01A31D8D-A5A5-4DE5-87C2-1EC8F4550BC1}.Debug|x86.ActiveCfg = Debug|Win32
		{01A31D8D-A5A5-4DE5-87C2-1EC8F4550BC1}.Debug|x86.Build.0 = Debug|Win32
		{01A31D8D-A5A5-4DE5-87C2-1EC8F4550BC1}.Release|x64.ActiveCfg = Release|x64
		{01A31D8D-A5A5-4DE5-87C2-1EC8F4550BC1}.Release|x64.Build.0 = Release|x64
		{01A31D8D-A5A5-4DE5-87C2-1EC8F4550BC1}.Release|x86.ActiveCfg = Release|Win32
		{01A31D8D-A5A5-4DE5-87C2-1EC8F4550BC1}.Release|x86.Build.0 = Release|Win32
		{D753CBBB-7A95-4EA4-A992-F1DEF7DD8285}.Debug|x64.ActiveCfg = Debug|x64
		{D753CBBB-7A95-4EA4-A992-F1DEF7DD8285}.Debug|x64.Build.0 = Debug|x64
		{D753CBBB-7A95-4EA4-A992-F1DEF7DD8285}.Debug|x86.ActiveCfg = Debug|Win32
		{D753CBBB-7A95-4EA4-A992-F1DEF7DD8285}.Debug|x86.Build.0 = Debug|Win32
		{D753CBBB-7A95-4EA4-A992-F1DEF7DD8285}.Release|x64.ActiveCfg = Release|x64
		{D753CBBB-7A95-4EA4-A992-F1DEF7DD8285}.Release|x64.Build.0 = Release|x64
		{D753CBBB-7A95-4EA4-A992-F1DEF7DD8285}.Release|x86.ActiveCfg = Release|Win32
		{D753CBBB-7A95-4EA4-A992-F1DEF7DD8285}.Release|x86.Build.0 = Release|Win32
		{F8064FDF-FA63-429E-AB85-B7007FCE9DB7}.Debug|x64.ActiveCfg = Debug|x64
		{F8064FDF-FA63-429E-AB85-B7007FCE9DB7}.Debug|x64.Build.0 = Debug|x64
		{F8064FDF-FA63-429E-AB85-B7007FCE9DB7}.Debug|x86.ActiveCfg = Debug|Win32
		{F8064FDF-FA63-429E-AB85-B7007FCE9DB7}.Debug|x86.Build.0 = Debug|Win32
		{F8064FDF-FA63-429E-AB85-B7007FCE9DB7}.Release|x64.ActiveCfg = Release|x64
		{F8064FDF-FA63-429E-AB85-B7007FCE9DB7}.Release|x64.Build.0 = Release|x64
		{F8064FDF-FA63-429E-AB85-B7007FCE9DB7}.Release|x86.ActiveCfg = Release|Win32
		{F8064FDF-FA63-429E-AB85-B7007FCE9DB7}.Release|x86.Build.0 = Release|Win32
		{4C6450FB-E6FD-451E-9815-DC75CE0ED747}.Debug|x64.ActiveCfg = Debug|x64
		{4C6450FB-E6FD-451E-9815-DC75CE0ED747}.Debug|x64.Build.0 = Debug|x64
		{4C6450FB-E6FD-451E-9815-DC75CE0ED747}.Debug|x86.ActiveCfg = Debug|Win32
		{4C6450FB-E6FD-451E-9815-DC75CE0ED747}.Debug|x86.Build.0 = Debug|Win32
		{4C6450FB-E6FD-451E-9815-DC75CE0ED747}.Release|x64.ActiveCfg = Release|x64
		{4C6450FB-E6FD-451E-9815-DC75CE0ED747}.Release|x64.Build.0 = Release|x64
		{4C6450FB-E6FD-451E-9815-DC75CE0ED747}.Release|x86.ActiveCfg = Release|Win32
		{4C6450FB-E6FD-451E-9815-DC75CE0ED747}.Release|x86.Build.0 = Release|Win32
		{7175C86C-7668-48D1-A30D-6682EB75644D}.Debug|x64.ActiveCfg = Debug|x64
		{7175C86C-7668-48D1-A30D-6682EB75644D}.Debug|x86.ActiveCfg = Debug|Win32
		{7175C86C-7668-48D1-A30D-6682EB75644D}.Debug|x86.Build.0 = Debug|Win32
		{7175C86C-7668-48D1-A30D-6682EB75644D}.Release|x64.ActiveCfg = Release|x64
		{7175C86C-7668-48D1-A30D-6682EB75644D}.Release|x86.ActiveCfg = Release|Win32
		{7175C86C-7668-48D1-A30D-6682EB75644D}.Release|x86.Build.0 = Release|Win32
		{54299F93-1DBA-40DC-B191-468A456A21C3}.Debug|x64.ActiveCfg = Debug|x64
		{54299F93-1DBA-40DC-B191-468A456A21C3}.Debug|x64.Build.0 = Debug|x64
		{54299F93-1DBA-40DC-B191-468A456A21C3}.Debug|x86.ActiveCfg = Debug|Win32
		{54299F93-1DBA-40DC-B191-468A456A21C3}.Debug|x86.Build.0 = Debug|Win32
		{54299F93-1DBA-40DC-B191-468A456A21C3}.Release|x64.ActiveCfg = Release|x64
		{54299F93-1DBA-40DC-B191-468A456A21C3}.Release|x64.Build.0 = Release|x64
		{54299F93-1DBA-40DC-B191-468A456A21C3}.Release|x86.ActiveCfg = Release|Win32
		{54299F93-1DBA-40DC-B191-468A456A21C3}.Release|x86.Build.0 = Release|Win32
		{E9C6C66D-E134-4B8F-8461-7C1551DF84B4}.Debug|x64.ActiveCfg = Debug|x64
		{E9C6C66D-E134-4B8F-8461-7C1551DF84B4}.Debug|x64.Build.0 = Debug|x64
		{E9C6C66D-E134-4B8F-8461-7C1551DF84B4}.Debug|x86.ActiveCfg = Debug|Win32
		{E9C6C66D-E134-4B8F-8461-7C1551DF84B4}.Debug|x86.Build.0 = Debug|Win32
		{E9C6C66D-E134-4B8F-8461-7C1551DF84B4}.Release|x64.ActiveCfg = Release|x64
		{E9C6C66D-E134-4B8F-8461-7C1551DF84B4}.Release|x64.Build.0 = Release|x64
		{E9C6C66D-E134-4B8F-8461-7C1551DF84B4}.Release|x86.ActiveCfg = Release|Win32
		{E9C6C66D-E134-4B8F-8461-7C1551DF84B4}.Release|x86.Build.0 = Release|Win32
		{EA64CC3A-EA42-40E3-BC88-FBFA012EBCF3}.Debug|x64.ActiveCfg = Debug|x64
		{EA64CC3A-EA42-40E3-BC88-FBFA012EBCF3}.Debug|x64.Build.0 = Debug|x64
		{EA64CC3A-EA42-40E3-BC88-FBFA012EBCF3}.Debug|x86.ActiveCfg = Debug|Win32
		{EA64CC3A-EA42-40E3-BC88-FBFA012EBCF3}.Debug|x86.Build.0 = Debug|Win32
		{EA64CC3A-EA42-40E3-BC88-FBFA012EBCF3}.Release|x64.ActiveCfg = Release|x64
		{EA64CC3A-EA42-40E3-BC88-FBFA012EBCF3}.Release|x64.Build.0 = Release|x64
		{EA64CC3A-EA42-40E3-BC88-FBFA012EBCF3}.Release|x86.ActiveCfg = Release|Win32
		{EA64CC3A-EA42-40E3-BC88-FBFA012EBCF3}.Release|x86.Build.0 = Release|Win32
		{1915FDEE-D946-47C7-8703-64B085DC8604}.Debug|x64.ActiveCfg = Debug|x64
		{1915FDEE-D946-47C7-8703-64B085DC8604}.Debug|x64.Build.0 = Debug|x64
		{1915FDEE-D946-47C7-8703-64B085DC8604}.Debug|x86.ActiveCfg = Debug|Win32
		{1915FDEE-D946-47C7-8703-64B085DC8604}.Debug|x86.Build.0 = Debug|Win32
		{1915FDEE-D946-47C7-8703-64B085DC8604}.Release|x64.ActiveCfg = Release|x64
		{1915FDEE-D946-47C7-8703-64B085DC8604}.Release|x64.Build.0 = Release|x64
		{1915FDEE-D946-47C7-8703-64B085DC8604}.Release|x86.ActiveCfg = Release|Win32
		{1915FDEE-D946-47C7-8703-64B085DC8604}.Release|x86.Build.0 = Release|Win32
		{511A8F50-1E97-4031-87A1-4D85B350FEF5}.Debug|x64.ActiveCfg = Debug|x64
		{511A8F50-1E97-4031-87A1-4D85B350FEF5}.Debug|x64.Build.0 = Debug|x64
		{511A8F50-1E97-4031-87A1-4D85B350FEF5}.Debug|x86.ActiveCfg = Debug|Win32
		{511A8F50-1E97-4031-87A1-4D85B350FEF5}.Debug|x86.Build.0 = Debug|Win32
		{511A8F50-1E97-4031-87A1-4D85B350FEF5}.Release|x64.ActiveCfg = Release|x64
		{511A8F50-1E97-4031-87A1-4D85B350FEF5}.Release|x64.Build.0 = Release|x64
		{511A8F50-1E97-4031-87A1-4D85B350FEF5}.Release|x86.ActiveCfg = Release|Win32
		{511A8F50-1E97-4031-87A1-4D85B350FEF5}.Release|x86.Build.0 = Release|Win32
		{AA317C84-D4B6-417C-82BD-792ECC3B9782}.Debug|x64.ActiveCfg = Debug|x64
		{AA317C84-D4B6-417C-82BD-792ECC3B9782}.Debug|x64.Build.0 = Debug|x64
		{AA317C84-D4B6-417C-82BD-792ECC3B9782}.Debug|x86.ActiveCfg = Debug|Win32
		{AA317C84-D4B6-417C-82BD-792ECC3B9782}.Debug|x86.Build.0 = Debug|Win32
		{AA317C84-D4B6-417C-82BD-792ECC3B9782}.Release|x64.ActiveCfg = Release|x64
		{AA317C84-D4B6-417C-82BD-792ECC3B9782}.Release|x64.Build.0 = Release|x64
		{AA317C84-D4B6-417C-82BD-792ECC3B9782}.Release|x86.ActiveCfg = Release|Win32
		{AA317C84-D4B6-417C-82BD-792ECC3B9782}.Release|x86.Build.0 = Release|Win32
		{A6F159A8-3259-4151-B324-DAE07121C918}.Debug|x64.ActiveCfg = Debug|x64
		{A6F159A8-3259-4151-B324-DAE07121C918}.Debug|x64.Build.0 = Debug|x64
		{A6F159A8-3259-4151-B324-DAE07121C918}.Debug|x86.ActiveCfg = Debug|Win32
		{A6F159A8-3259-4151-B324-DAE07121C918}.Debug|x86.Build.0 = Debug|Win32
		{A6F159A8-3259-4151-B324-DAE07121C918}.Release|x64.ActiveCfg = Release|x64
		{A6F159A8-3259-4151-B324-DAE07121C918}.Release|x64.Build.0 = Release|x64
		{A6F159A8-3259-4151-B324-DAE07121C918}.Release|x86.ActiveCfg = Release|Win32
		{A6F159A8-3259-4151-B324-DAE07121C918}.Release|x86.Build.0 = Release|Win32
	EndGlobalSection
	GlobalSection(SolutionProperties) = preSolution
		HideSolutionNode = FALSE
	EndGlobalSection
	GlobalSection(NestedProjects) = preSolution
		{060323F5-A950-4055-8A2C-2A344E53FCAD} = {8D452974-A6A7-45D7-ABB8-A3DAA3CB4BD3}
		{7A55231F-3466-44EE-8A48-58658DDEFECB} = {95BCCAB0-6AC9-4F40-A14D-722E547A72CF}
		{64484735-E2C4-416A-83D9-855C1A8E0148} = {95BCCAB0-6AC9-4F40-A14D-722E547A72CF}
		{37EB3880-E6EF-49AA-A9E4-9A8E72818950} = {65F0F859-0BA9-419D-801F-B69FD68E37CA}
		{56BDDA18-2887-44DF-8B6A-5E093956FCFD} = {95BCCAB0-6AC9-4F40-A14D-722E547A72CF}
		{83FCBDE6-1EDD-4504-83DF-38E965D60637} = {EF6F9100-C578-4548-81B6-EA83DCBB1174}
		{AD2B6356-4FBC-44A6-B1ED-0C27C809421B} = {8D452974-A6A7-45D7-ABB8-A3DAA3CB4BD3}
		{5EC25CFF-05A5-4061-95FA-EC7E20506919} = {8D452974-A6A7-45D7-ABB8-A3DAA3CB4BD3}
		{3A75DA5B-BCD9-4C7C-BF1B-D4838836C9EE} = {8D452974-A6A7-45D7-ABB8-A3DAA3CB4BD3}
		{AA6CDD2B-3920-4974-A364-1ABB24AA18A0} = {95BCCAB0-6AC9-4F40-A14D-722E547A72CF}
		{01A31D8D-A5A5-4DE5-87C2-1EC8F4550BC1} = {95BCCAB0-6AC9-4F40-A14D-722E547A72CF}
		{D753CBBB-7A95-4EA4-A992-F1DEF7DD8285} = {EF6F9100-C578-4548-81B6-EA83DCBB1174}
		{F8064FDF-FA63-429E-AB85-B7007FCE9DB7} = {8D452974-A6A7-45D7-ABB8-A3DAA3CB4BD3}
		{4C6450FB-E6FD-451E-9815-DC75CE0ED747} = {8D452974-A6A7-45D7-ABB8-A3DAA3CB4BD3}
		{7175C86C-7668-48D1-A30D-6682EB75644D} = {65F0F859-0BA9-419D-801F-B69FD68E37CA}
		{54299F93-1DBA-40DC-B191-468A456A21C3} = {95BCCAB0-6AC9-4F40-A14D-722E547A72CF}
		{E9C6C66D-E134-4B8F-8461-7C1551DF84B4} = {8D452974-A6A7-45D7-ABB8-A3DAA3CB4BD3}
		{EA64CC3A-EA42-40E3-BC88-FBFA012EBCF3} = {95BCCAB0-6AC9-4F40-A14D-722E547A72CF}
		{1915FDEE-D946-47C7-8703-64B085DC8604} = {EF6F9100-C578-4548-81B6-EA83DCBB1174}
		{511A8F50-1E97-4031-87A1-4D85B350FEF5} = {EF6F9100-C578-4548-81B6-EA83DCBB1174}
		{AA317C84-D4B6-417C-82BD-792ECC3B9782} = {8D452974-A6A7-45D7-ABB8-A3DAA3CB4BD3}
		{A6F159A8-3259-4151-B324-DAE07121C918} = {E33B10FC-7D1B-4F2A-91AC-3E6946792B71}
	EndGlobalSection
	GlobalSection(ExtensibilityGlobals) = postSolution
		SolutionGuid = {F0B05B5C-ABD6-45B7-A4BF-919FD9EE40F8}
	EndGlobalSection
EndGlobal
